
Microsoft Visual Studio Solution File, Format Version 12.00
# Visual Studio Version 17
VisualStudioVersion = 17.10.35122.118
MinimumVisualStudioVersion = 10.0.40219.1
Project("{FAE04EC0-301F-11D3-BF4B-00C04F79EFBC}") = "ConsoleApp2", "ConsoleApp2\ConsoleApp2.csproj", "{75A69FD5-D94C-438B-A90B-17093E633FCE}"
EndProject
Global
	GlobalSection(SolutionConfigurationPlatforms) = preSolution
		Debug|Any CPU = Debug|Any CPU
		Release|Any CPU = Release|Any CPU
	EndGlobalSection
	GlobalSection(ProjectConfigurationPlatforms) = postSolution
		{75A69FD5-D94C-438B-A90B-17093E633FCE}.Debug|Any CPU.ActiveCfg = Debug|Any CPU
		{75A69FD5-D94C-438B-A90B-17093E633FCE}.Debug|Any CPU.Build.0 = Debug|Any CPU
		{75A69FD5-D94C-438B-A90B-17093E633FCE}.Release|Any CPU.ActiveCfg = Release|Any CPU
		{75A69FD5-D94C-438B-A90B-17093E633FCE}.Release|Any CPU.Build.0 = Release|Any CPU
	EndGlobalSection
	GlobalSection(SolutionProperties) = preSolution
		HideSolutionNode = FALSE
	EndGlobalSection
	GlobalSection(ExtensibilityGlobals) = postSolution
		SolutionGuid = {E04952BB-C523-40C8-9BA8-FBAAFAC84650}
	EndGlobalSection
EndGlobal
